// !$*UTF8*$!
{
	archiveVersion = 1;
	classes = {
	};
	objectVersion = 56;
	objects = {

/* Begin PBXBuildFile section */
		5E6B0B822C42995E0068B8AD /* 예상 대진표.cpp in Sources */ = {isa = PBXBuildFile; fileRef = 5E6B0B812C42995E0068B8AD /* 예상 대진표.cpp */; };
/* End PBXBuildFile section */

/* Begin PBXCopyFilesBuildPhase section */
		5E48E15829C3539600C7BA85 /* CopyFiles */ = {
			isa = PBXCopyFilesBuildPhase;
			buildActionMask = 2147483647;
			dstPath = /usr/share/man/man1/;
			dstSubfolderSpec = 0;
			files = (
			);
			runOnlyForDeploymentPostprocessing = 1;
		};
/* End PBXCopyFilesBuildPhase section */

/* Begin PBXFileReference section */
		5E07B9F22A388086003021FA /* 21313.cpp */ = {isa = PBXFileReference; lastKnownFileType = sourcecode.cpp.cpp; path = 21313.cpp; sourceTree = "<group>"; };
		5E096E212BEC78D200E531AE /* 완주하지_못한_선수.cpp */ = {isa = PBXFileReference; fileEncoding = 4; lastKnownFileType = sourcecode.cpp.cpp; path = "완주하지_못한_선수.cpp"; sourceTree = "<group>"; };
		5E098FE82A8C6E7B00032B2F /* 11053.cpp */ = {isa = PBXFileReference; lastKnownFileType = sourcecode.cpp.cpp; path = 11053.cpp; sourceTree = "<group>"; };
		5E098FEC2A8C737700032B2F /* 11053(2).cpp */ = {isa = PBXFileReference; lastKnownFileType = sourcecode.cpp.cpp; path = "11053(2).cpp"; sourceTree = "<group>"; };
		5E0A80622BF32C6D001B9FD7 /* 10773.cpp */ = {isa = PBXFileReference; lastKnownFileType = sourcecode.cpp.cpp; path = 10773.cpp; sourceTree = "<group>"; };
		5E0A80642BF32EB9001B9FD7 /* 2493.cpp */ = {isa = PBXFileReference; lastKnownFileType = sourcecode.cpp.cpp; path = 2493.cpp; sourceTree = "<group>"; };
		5E0CCACF2BA6B5F3004129ED /* String_division.cpp */ = {isa = PBXFileReference; lastKnownFileType = sourcecode.cpp.cpp; path = String_division.cpp; sourceTree = "<group>"; };
		5E1E08C12C2FDAA5009AAD1E /* 다음 큰 숫자.cpp */ = {isa = PBXFileReference; lastKnownFileType = sourcecode.cpp.cpp; path = "다음 큰 숫자.cpp"; sourceTree = "<group>"; };
		5E1E08C32C2FDB18009AAD1E /* 1021.cpp */ = {isa = PBXFileReference; lastKnownFileType = sourcecode.cpp.cpp; path = 1021.cpp; sourceTree = "<group>"; };
		5E1E08C52C2FE32F009AAD1E /* BFS.cpp */ = {isa = PBXFileReference; lastKnownFileType = sourcecode.cpp.cpp; path = BFS.cpp; sourceTree = "<group>"; };
		5E1E08C72C2FE82C009AAD1E /* 1926.cpp */ = {isa = PBXFileReference; lastKnownFileType = sourcecode.cpp.cpp; path = 1926.cpp; sourceTree = "<group>"; };
		5E1E08C92C2FF9CD009AAD1E /* 2178.cpp */ = {isa = PBXFileReference; lastKnownFileType = sourcecode.cpp.cpp; path = 2178.cpp; sourceTree = "<group>"; };
		5E23E6E22A24608400F44576 /* 5639(2).cpp */ = {isa = PBXFileReference; lastKnownFileType = sourcecode.cpp.cpp; path = "5639(2).cpp"; sourceTree = "<group>"; };
		5E23E6E42A2466C700F44576 /* 17073.cpp */ = {isa = PBXFileReference; lastKnownFileType = sourcecode.cpp.cpp; path = 17073.cpp; sourceTree = "<group>"; };
		5E23E6E62A246ECB00F44576 /* 9012.cpp */ = {isa = PBXFileReference; lastKnownFileType = sourcecode.cpp.cpp; path = 9012.cpp; sourceTree = "<group>"; };
		5E23E6E82A247A2200F44576 /* 2164.cpp */ = {isa = PBXFileReference; lastKnownFileType = sourcecode.cpp.cpp; path = 2164.cpp; sourceTree = "<group>"; };
		5E23E6EA2A247E2E00F44576 /* 1935.cpp */ = {isa = PBXFileReference; lastKnownFileType = sourcecode.cpp.cpp; path = 1935.cpp; sourceTree = "<group>"; };
		5E23E6EC2A248AAD00F44576 /* 2346.cpp */ = {isa = PBXFileReference; lastKnownFileType = sourcecode.cpp.cpp; path = 2346.cpp; sourceTree = "<group>"; };
		5E2695DD2B89F767001A37E5 /* vector_prac.cpp */ = {isa = PBXFileReference; lastKnownFileType = sourcecode.cpp.cpp; path = vector_prac.cpp; sourceTree = "<group>"; };
		5E27311A29DAA270009DC2AA /* 17298.cpp */ = {isa = PBXFileReference; lastKnownFileType = sourcecode.cpp.cpp; path = 17298.cpp; sourceTree = "<group>"; };
		5E29F95A2A25F78B00736492 /* 2753.cpp */ = {isa = PBXFileReference; lastKnownFileType = sourcecode.cpp.cpp; path = 2753.cpp; sourceTree = "<group>"; };
		5E29F95C2A25F93400736492 /* 5597.cpp */ = {isa = PBXFileReference; lastKnownFileType = sourcecode.cpp.cpp; path = 5597.cpp; sourceTree = "<group>"; };
		5E29F95E2A25FAA300736492 /* 20053.cpp */ = {isa = PBXFileReference; lastKnownFileType = sourcecode.cpp.cpp; path = 20053.cpp; sourceTree = "<group>"; };
		5E29F9602A25FC9E00736492 /* 1212.cpp */ = {isa = PBXFileReference; lastKnownFileType = sourcecode.cpp.cpp; path = 1212.cpp; sourceTree = "<group>"; };
		5E29F9622A26030B00736492 /* 9934(2).cpp */ = {isa = PBXFileReference; lastKnownFileType = sourcecode.cpp.cpp; path = "9934(2).cpp"; sourceTree = "<group>"; };
		5E29F9642A2608B700736492 /* 17073(2).cpp */ = {isa = PBXFileReference; lastKnownFileType = sourcecode.cpp.cpp; path = "17073(2).cpp"; sourceTree = "<group>"; };
		5E29F9662A260C2500736492 /* 20924.cpp */ = {isa = PBXFileReference; lastKnownFileType = sourcecode.cpp.cpp; path = 20924.cpp; sourceTree = "<group>"; };
		5E29F9682A26CE4700736492 /* 20546.cpp */ = {isa = PBXFileReference; lastKnownFileType = sourcecode.cpp.cpp; path = 20546.cpp; sourceTree = "<group>"; };
		5E2AF6F52B18C14D003C3126 /* 카드 뭉치.cpp */ = {isa = PBXFileReference; lastKnownFileType = sourcecode.cpp.cpp; path = "카드 뭉치.cpp"; sourceTree = "<group>"; };
		5E2AF6F72B1B737B003C3126 /* 1094.cpp */ = {isa = PBXFileReference; lastKnownFileType = sourcecode.cpp.cpp; path = 1094.cpp; sourceTree = "<group>"; };
		5E2AF6F92B1CCCA6003C3126 /* 2439.cpp */ = {isa = PBXFileReference; lastKnownFileType = sourcecode.cpp.cpp; path = 2439.cpp; sourceTree = "<group>"; };
		5E2E26842C34497200F07BC8 /* 피보나치 수.cpp */ = {isa = PBXFileReference; lastKnownFileType = sourcecode.cpp.cpp; path = "피보나치 수.cpp"; sourceTree = "<group>"; };
		5E3D43DE2AFC6EE9009F8602 /* 숫자 문자열과 영단어.cpp */ = {isa = PBXFileReference; lastKnownFileType = sourcecode.cpp.cpp; path = "숫자 문자열과 영단어.cpp"; sourceTree = "<group>"; };
		5E3D43E02AFD4837009F8602 /* 가장 가까운 같은 글자.cpp */ = {isa = PBXFileReference; lastKnownFileType = sourcecode.cpp.cpp; path = "가장 가까운 같은 글자.cpp"; sourceTree = "<group>"; };
		5E48E15A29C3539600C7BA85 /* algorithm_study */ = {isa = PBXFileReference; explicitFileType = "compiled.mach-o.executable"; includeInIndex = 0; path = algorithm_study; sourceTree = BUILT_PRODUCTS_DIR; };
		5E48E15D29C3539600C7BA85 /* 10952.cpp */ = {isa = PBXFileReference; lastKnownFileType = sourcecode.cpp.cpp; path = 10952.cpp; sourceTree = "<group>"; };
		5E48E16629C357B000C7BA85 /* 2446.cpp */ = {isa = PBXFileReference; lastKnownFileType = sourcecode.cpp.cpp; path = 2446.cpp; sourceTree = "<group>"; };
		5E48E16B29C35DBC00C7BA85 /* 10828.cpp */ = {isa = PBXFileReference; lastKnownFileType = sourcecode.cpp.cpp; path = 10828.cpp; sourceTree = "<group>"; };
		5E496BC62C3AC56C0075E0B0 /* 짝지어 제거하기.cpp */ = {isa = PBXFileReference; lastKnownFileType = sourcecode.cpp.cpp; path = "짝지어 제거하기.cpp"; sourceTree = "<group>"; };
		5E496BC82C3AC5A60075E0B0 /* 카펫.cpp */ = {isa = PBXFileReference; lastKnownFileType = sourcecode.cpp.cpp; path = "카펫.cpp"; sourceTree = "<group>"; };
		5E496BCA2C3B73910075E0B0 /* 7576.cpp */ = {isa = PBXFileReference; lastKnownFileType = sourcecode.cpp.cpp; path = 7576.cpp; sourceTree = "<group>"; };
		5E496BCE2C3B9F860075E0B0 /* 4179.cpp */ = {isa = PBXFileReference; lastKnownFileType = sourcecode.cpp.cpp; path = 4179.cpp; sourceTree = "<group>"; };
		5E496BD02C3BD4660075E0B0 /* 1697.cpp */ = {isa = PBXFileReference; lastKnownFileType = sourcecode.cpp.cpp; path = 1697.cpp; sourceTree = "<group>"; };
		5E496BD32C3CDEFE0075E0B0 /* 1012.cpp */ = {isa = PBXFileReference; lastKnownFileType = sourcecode.cpp.cpp; path = 1012.cpp; sourceTree = "<group>"; };
		5E496BD52C3CFB920075E0B0 /* 10026.cpp */ = {isa = PBXFileReference; lastKnownFileType = sourcecode.cpp.cpp; path = 10026.cpp; sourceTree = "<group>"; };
		5E496BD72C3D5C700075E0B0 /* 9095.cpp */ = {isa = PBXFileReference; lastKnownFileType = sourcecode.cpp.cpp; path = 9095.cpp; sourceTree = "<group>"; };
		5E496BD92C3E18F20075E0B0 /* 2579.cpp */ = {isa = PBXFileReference; lastKnownFileType = sourcecode.cpp.cpp; path = 2579.cpp; sourceTree = "<group>"; };
		5E4F5DFF2A8CA23A00DCB842 /* 12015.cpp */ = {isa = PBXFileReference; lastKnownFileType = sourcecode.cpp.cpp; path = 12015.cpp; sourceTree = "<group>"; };
		5E4F5E012A8CA32900DCB842 /* 2504.cpp */ = {isa = PBXFileReference; lastKnownFileType = sourcecode.cpp.cpp; path = 2504.cpp; sourceTree = "<group>"; };
		5E5716BC2B2201C900A63DBD /* 2016년.cpp */ = {isa = PBXFileReference; lastKnownFileType = sourcecode.cpp.cpp; path = "2016년.cpp"; sourceTree = "<group>"; };
		5E6385F42A19FE0100E3AEED /* 14675(2).cpp */ = {isa = PBXFileReference; lastKnownFileType = sourcecode.cpp.cpp; path = "14675(2).cpp"; sourceTree = "<group>"; };
		5E6385F62A1A02B800E3AEED /* 1068.cpp */ = {isa = PBXFileReference; lastKnownFileType = sourcecode.cpp.cpp; path = 1068.cpp; sourceTree = "<group>"; };
		5E6385F82A1A295400E3AEED /* 5639.cpp */ = {isa = PBXFileReference; lastKnownFileType = sourcecode.cpp.cpp; path = 5639.cpp; sourceTree = "<group>"; };
		5E6B0B752C4183B50068B8AD /* 구명보트.cpp */ = {isa = PBXFileReference; lastKnownFileType = sourcecode.cpp.cpp; path = "구명보트.cpp"; sourceTree = "<group>"; };
		5E6B0B792C42471F0068B8AD /* 영어 끝말잇기.cpp */ = {isa = PBXFileReference; lastKnownFileType = sourcecode.cpp.cpp; path = "영어 끝말잇기.cpp"; sourceTree = "<group>"; };
		5E6B0B7B2C42491B0068B8AD /* 멀리 뛰기.cpp */ = {isa = PBXFileReference; lastKnownFileType = sourcecode.cpp.cpp; path = "멀리 뛰기.cpp"; sourceTree = "<group>"; };
		5E6B0B7D2C4298CD0068B8AD /* 귤 고르기.cpp */ = {isa = PBXFileReference; lastKnownFileType = sourcecode.cpp.cpp; path = "귤 고르기.cpp"; sourceTree = "<group>"; };
		5E6B0B7F2C42992F0068B8AD /* N개의 최소공배수.cpp */ = {isa = PBXFileReference; lastKnownFileType = sourcecode.cpp.cpp; path = "N개의 최소공배수.cpp"; sourceTree = "<group>"; };
		5E6B0B812C42995E0068B8AD /* 예상 대진표.cpp */ = {isa = PBXFileReference; lastKnownFileType = sourcecode.cpp.cpp; path = "예상 대진표.cpp"; sourceTree = "<group>"; };
		5E6B0B832C429E960068B8AD /* 연속 부분 수열 합의 개수.cpp */ = {isa = PBXFileReference; lastKnownFileType = sourcecode.cpp.cpp; path = "연속 부분 수열 합의 개수.cpp"; sourceTree = "<group>"; };
		5E6B0B852C42A16A0068B8AD /* 7569.cpp */ = {isa = PBXFileReference; lastKnownFileType = sourcecode.cpp.cpp; path = 7569.cpp; sourceTree = "<group>"; };
		5E6B1F2F29D9689C0072F8F7 /* 1406.cpp */ = {isa = PBXFileReference; lastKnownFileType = sourcecode.cpp.cpp; path = 1406.cpp; sourceTree = "<group>"; };
		5E6B1F3129D9A7C80072F8F7 /* 10799.cpp */ = {isa = PBXFileReference; lastKnownFileType = sourcecode.cpp.cpp; path = 10799.cpp; sourceTree = "<group>"; };
		5E6C528B2BA6BDAF00832D3B /* Gym_Clothes.cpp */ = {isa = PBXFileReference; lastKnownFileType = sourcecode.cpp.cpp; path = Gym_Clothes.cpp; sourceTree = "<group>"; };
		5E7C273B29C56322002E1F29 /* 10845.cpp */ = {isa = PBXFileReference; lastKnownFileType = sourcecode.cpp.cpp; path = 10845.cpp; sourceTree = "<group>"; };
		5E7C273D29C5661E002E1F29 /* 9093.cpp */ = {isa = PBXFileReference; lastKnownFileType = sourcecode.cpp.cpp; path = 9093.cpp; sourceTree = "<group>"; };
		5E7C273F29C59BCB002E1F29 /* 10866.cpp */ = {isa = PBXFileReference; lastKnownFileType = sourcecode.cpp.cpp; path = 10866.cpp; sourceTree = "<group>"; };
		5E7C274129C5A2C3002E1F29 /* 1874.cpp */ = {isa = PBXFileReference; lastKnownFileType = sourcecode.cpp.cpp; path = 1874.cpp; sourceTree = "<group>"; };
		5E80570F29FA56A4006DF630 /* 17478.cpp */ = {isa = PBXFileReference; lastKnownFileType = sourcecode.cpp.cpp; path = 17478.cpp; sourceTree = "<group>"; };
		5E80571229FA74E3006DF630 /* 10949.cpp */ = {isa = PBXFileReference; lastKnownFileType = sourcecode.cpp.cpp; path = 10949.cpp; sourceTree = "<group>"; };
		5E80571429FA7E96006DF630 /* 1780.cpp */ = {isa = PBXFileReference; lastKnownFileType = sourcecode.cpp.cpp; path = 1780.cpp; sourceTree = "<group>"; };
		5E896A292A138CBC00915E8D /* 1991.cpp */ = {isa = PBXFileReference; lastKnownFileType = sourcecode.cpp.cpp; path = 1991.cpp; sourceTree = "<group>"; };
		5E8F06392C78DE7700449A99 /* 15664.cpp */ = {isa = PBXFileReference; lastKnownFileType = sourcecode.cpp.cpp; path = 15664.cpp; sourceTree = "<group>"; };
		5E8F063B2C78DF8300449A99 /* 15665.cpp */ = {isa = PBXFileReference; lastKnownFileType = sourcecode.cpp.cpp; path = 15665.cpp; sourceTree = "<group>"; };
		5E8F063D2C78E04800449A99 /* 15666.cpp */ = {isa = PBXFileReference; lastKnownFileType = sourcecode.cpp.cpp; path = 15666.cpp; sourceTree = "<group>"; };
		5E936E412A387CC30089ADBD /* 11047.cpp */ = {isa = PBXFileReference; lastKnownFileType = sourcecode.cpp.cpp; path = 11047.cpp; sourceTree = "<group>"; };
		5E95AF3829D65A4000A97EF2 /* 17413.cpp */ = {isa = PBXFileReference; lastKnownFileType = sourcecode.cpp.cpp; path = 17413.cpp; sourceTree = "<group>"; };
		5E97C3B629D15EA8001A3165 /* 10870.cpp */ = {isa = PBXFileReference; lastKnownFileType = sourcecode.cpp.cpp; path = 10870.cpp; sourceTree = "<group>"; };
		5E97C3B829D1603F001A3165 /* 2748.cpp */ = {isa = PBXFileReference; lastKnownFileType = sourcecode.cpp.cpp; path = 2748.cpp; sourceTree = "<group>"; };
		5EA20DB82C203A01009FA9CD /* 숫자의 표현.cpp */ = {isa = PBXFileReference; lastKnownFileType = sourcecode.cpp.cpp; path = "숫자의 표현.cpp"; sourceTree = "<group>"; };
		5EA2ED932BEC907E0085CF64 /* 숫자_짝궁.cpp */ = {isa = PBXFileReference; fileEncoding = 4; lastKnownFileType = sourcecode.cpp.cpp; path = "숫자_짝궁.cpp"; sourceTree = "<group>"; };
		5EA803942BF0D10D003D80F8 /* 둘만의_암호.cpp */ = {isa = PBXFileReference; fileEncoding = 4; lastKnownFileType = sourcecode.cpp.cpp; path = "둘만의_암호.cpp"; sourceTree = "<group>"; };
		5EA803982BF0D984003D80F8 /* 햄버거_만들기.cpp */ = {isa = PBXFileReference; fileEncoding = 4; lastKnownFileType = sourcecode.cpp.cpp; path = "햄버거_만들기.cpp"; sourceTree = "<group>"; };
		5EB28D2A2B2605E900DF1789 /* 소수 만들기.cpp */ = {isa = PBXFileReference; lastKnownFileType = sourcecode.cpp.cpp; path = "소수 만들기.cpp"; sourceTree = "<group>"; };
		5EB28D2D2B2695B200DF1789 /* 소수 찾기.cpp */ = {isa = PBXFileReference; lastKnownFileType = sourcecode.cpp.cpp; path = "소수 찾기.cpp"; sourceTree = "<group>"; };
		5EB28D2F2B269DD400DF1789 /* 기사단원의 무기.cpp */ = {isa = PBXFileReference; lastKnownFileType = sourcecode.cpp.cpp; path = "기사단원의 무기.cpp"; sourceTree = "<group>"; };
		5EB2B49229F36D61003AFC13 /* 1010.cpp */ = {isa = PBXFileReference; lastKnownFileType = sourcecode.cpp.cpp; path = 1010.cpp; sourceTree = "<group>"; };
		5EB2B49429F36DF6003AFC13 /* 1032.cpp */ = {isa = PBXFileReference; fileEncoding = 4; lastKnownFileType = sourcecode.cpp.cpp; path = 1032.cpp; sourceTree = "<group>"; };
		5EB2B49729F36E35003AFC13 /* 1052.cpp */ = {isa = PBXFileReference; fileEncoding = 4; lastKnownFileType = sourcecode.cpp.cpp; path = 1052.cpp; sourceTree = "<group>"; };
		5EB2B49929F36E77003AFC13 /* 1149.cpp */ = {isa = PBXFileReference; fileEncoding = 4; lastKnownFileType = sourcecode.cpp.cpp; path = 1149.cpp; sourceTree = "<group>"; };
		5EB2B49C29F36EA5003AFC13 /* 1167.cpp */ = {isa = PBXFileReference; fileEncoding = 4; lastKnownFileType = sourcecode.cpp.cpp; path = 1167.cpp; sourceTree = "<group>"; };
		5EB2B49E29F36EE2003AFC13 /* 1197.cpp */ = {isa = PBXFileReference; fileEncoding = 4; lastKnownFileType = sourcecode.cpp.cpp; path = 1197.cpp; sourceTree = "<group>"; };
		5EB2B4A029F36F08003AFC13 /* 1202.cpp */ = {isa = PBXFileReference; fileEncoding = 4; lastKnownFileType = sourcecode.cpp.cpp; path = 1202.cpp; sourceTree = "<group>"; };
		5EB2B4A229F36F28003AFC13 /* 1256.cpp */ = {isa = PBXFileReference; fileEncoding = 4; lastKnownFileType = sourcecode.cpp.cpp; path = 1256.cpp; sourceTree = "<group>"; };
		5EB2B4A429F36F63003AFC13 /* 1463.cpp */ = {isa = PBXFileReference; fileEncoding = 4; lastKnownFileType = sourcecode.cpp.cpp; path = 1463.cpp; sourceTree = "<group>"; };
		5EB2B4A629F36F74003AFC13 /* 1699.cpp */ = {isa = PBXFileReference; fileEncoding = 4; lastKnownFileType = sourcecode.cpp.cpp; path = 1699.cpp; sourceTree = "<group>"; };
		5EB2B4A829F36F87003AFC13 /* 1929.cpp */ = {isa = PBXFileReference; fileEncoding = 4; lastKnownFileType = sourcecode.cpp.cpp; path = 1929.cpp; sourceTree = "<group>"; };
		5EB2B4AA29F36FAC003AFC13 /* 1978.cpp */ = {isa = PBXFileReference; fileEncoding = 4; lastKnownFileType = sourcecode.cpp.cpp; path = 1978.cpp; sourceTree = "<group>"; };
		5EB2B4AC29F36FC1003AFC13 /* 2581.cpp */ = {isa = PBXFileReference; fileEncoding = 4; lastKnownFileType = sourcecode.cpp.cpp; path = 2581.cpp; sourceTree = "<group>"; };
		5EB2B4AE29F36FE6003AFC13 /* 2738.cpp */ = {isa = PBXFileReference; fileEncoding = 4; lastKnownFileType = sourcecode.cpp.cpp; path = 2738.cpp; sourceTree = "<group>"; };
		5EB2B4B129F37006003AFC13 /* 2798.cpp */ = {isa = PBXFileReference; fileEncoding = 4; lastKnownFileType = sourcecode.cpp.cpp; path = 2798.cpp; sourceTree = "<group>"; };
		5EB2B4B329F37019003AFC13 /* 4375.cpp */ = {isa = PBXFileReference; fileEncoding = 4; lastKnownFileType = sourcecode.cpp.cpp; path = 4375.cpp; sourceTree = "<group>"; };
		5EB2B4B529F3702B003AFC13 /* 4948.cpp */ = {isa = PBXFileReference; fileEncoding = 4; lastKnownFileType = sourcecode.cpp.cpp; path = 4948.cpp; sourceTree = "<group>"; };
		5EB2B4B829F37056003AFC13 /* 6397.cpp */ = {isa = PBXFileReference; fileEncoding = 4; lastKnownFileType = sourcecode.cpp.cpp; path = 6397.cpp; sourceTree = "<group>"; };
		5EB2B4BA29F3707C003AFC13 /* 8902.cpp */ = {isa = PBXFileReference; fileEncoding = 4; lastKnownFileType = sourcecode.cpp.cpp; path = 8902.cpp; sourceTree = "<group>"; };
		5EB2B4BC29F37090003AFC13 /* 9020.cpp */ = {isa = PBXFileReference; fileEncoding = 4; lastKnownFileType = sourcecode.cpp.cpp; path = 9020.cpp; sourceTree = "<group>"; };
		5EB2B4BE29F370A6003AFC13 /* 9029.cpp */ = {isa = PBXFileReference; fileEncoding = 4; lastKnownFileType = sourcecode.cpp.cpp; path = 9029.cpp; sourceTree = "<group>"; };
		5EB2B4C029F370B7003AFC13 /* 10757.cpp */ = {isa = PBXFileReference; fileEncoding = 4; lastKnownFileType = sourcecode.cpp.cpp; path = 10757.cpp; sourceTree = "<group>"; };
		5EB2B4C229F370CC003AFC13 /* 11062.cpp */ = {isa = PBXFileReference; fileEncoding = 4; lastKnownFileType = sourcecode.cpp.cpp; path = 11062.cpp; sourceTree = "<group>"; };
		5EB2B4C429F370E0003AFC13 /* 11653.cpp */ = {isa = PBXFileReference; fileEncoding = 4; lastKnownFileType = sourcecode.cpp.cpp; path = 11653.cpp; sourceTree = "<group>"; };
		5EB2B4C629F3710B003AFC13 /* 12100.cpp */ = {isa = PBXFileReference; fileEncoding = 4; lastKnownFileType = sourcecode.cpp.cpp; path = 12100.cpp; sourceTree = "<group>"; };
		5EB2B4C829F3712E003AFC13 /* 13460.cpp */ = {isa = PBXFileReference; fileEncoding = 4; lastKnownFileType = sourcecode.cpp.cpp; path = 13460.cpp; sourceTree = "<group>"; };
		5EB2B4CA29F37154003AFC13 /* 14502.cpp */ = {isa = PBXFileReference; fileEncoding = 4; lastKnownFileType = sourcecode.cpp.cpp; path = 14502.cpp; sourceTree = "<group>"; };
		5EB2B4CC29F3715F003AFC13 /* 14502(2).cpp */ = {isa = PBXFileReference; fileEncoding = 4; lastKnownFileType = sourcecode.cpp.cpp; path = "14502(2).cpp"; sourceTree = "<group>"; };
		5EB2B4CE29F3717D003AFC13 /* 14719.cpp */ = {isa = PBXFileReference; fileEncoding = 4; lastKnownFileType = sourcecode.cpp.cpp; path = 14719.cpp; sourceTree = "<group>"; };
		5EB2B4D029F371A7003AFC13 /* path.cpp */ = {isa = PBXFileReference; fileEncoding = 4; lastKnownFileType = sourcecode.cpp.cpp; path = path.cpp; sourceTree = "<group>"; };
		5EB2B4D129F371A7003AFC13 /* coin.cpp */ = {isa = PBXFileReference; fileEncoding = 4; lastKnownFileType = sourcecode.cpp.cpp; path = coin.cpp; sourceTree = "<group>"; };
		5EB2B4D229F371A7003AFC13 /* addingways.cpp */ = {isa = PBXFileReference; fileEncoding = 4; lastKnownFileType = sourcecode.cpp.cpp; path = addingways.cpp; sourceTree = "<group>"; };
		5EB2B4D329F371A7003AFC13 /* coinmove.cpp */ = {isa = PBXFileReference; fileEncoding = 4; lastKnownFileType = sourcecode.cpp.cpp; path = coinmove.cpp; sourceTree = "<group>"; };
		5EB2B4D429F371A7003AFC13 /* gridpath.cpp */ = {isa = PBXFileReference; fileEncoding = 4; lastKnownFileType = sourcecode.cpp.cpp; path = gridpath.cpp; sourceTree = "<group>"; };
		5EB2B4D529F371A7003AFC13 /* card.cpp */ = {isa = PBXFileReference; fileEncoding = 4; lastKnownFileType = sourcecode.cpp.cpp; path = card.cpp; sourceTree = "<group>"; };
		5EB2B4D629F371A7003AFC13 /* bin.cpp */ = {isa = PBXFileReference; fileEncoding = 4; lastKnownFileType = sourcecode.cpp.cpp; path = bin.cpp; sourceTree = "<group>"; };
		5EB2B4D729F371A7003AFC13 /* secret_contact.cpp */ = {isa = PBXFileReference; fileEncoding = 4; lastKnownFileType = sourcecode.cpp.cpp; path = secret_contact.cpp; sourceTree = "<group>"; };
		5EB2B4D829F371A7003AFC13 /* drive.cpp */ = {isa = PBXFileReference; fileEncoding = 4; lastKnownFileType = sourcecode.cpp.cpp; path = drive.cpp; sourceTree = "<group>"; };
		5EB2B4E229F371BA003AFC13 /* mst.cpp */ = {isa = PBXFileReference; fileEncoding = 4; lastKnownFileType = sourcecode.cpp.cpp; path = mst.cpp; sourceTree = "<group>"; };
		5EB2B4E729F37282003AFC13 /* 같은 숫자는 싫어.cpp */ = {isa = PBXFileReference; lastKnownFileType = sourcecode.cpp.cpp; path = "같은 숫자는 싫어.cpp"; sourceTree = "<group>"; };
		5EB2B4E929F372C0003AFC13 /* 기능개발.cpp */ = {isa = PBXFileReference; lastKnownFileType = sourcecode.cpp.cpp; path = "기능개발.cpp"; sourceTree = "<group>"; };
		5EB2B4EB29F372D4003AFC13 /* 올바른 괄호.cpp */ = {isa = PBXFileReference; lastKnownFileType = sourcecode.cpp.cpp; path = "올바른 괄호.cpp"; sourceTree = "<group>"; };
		5EB2B4ED29F372EB003AFC13 /* 프로세스.cpp */ = {isa = PBXFileReference; lastKnownFileType = sourcecode.cpp.cpp; path = "프로세스.cpp"; sourceTree = "<group>"; };
		5EB2B4EF29F372FD003AFC13 /* 다리를 지나는 트럭.cpp */ = {isa = PBXFileReference; lastKnownFileType = sourcecode.cpp.cpp; path = "다리를 지나는 트럭.cpp"; sourceTree = "<group>"; };
		5EB2B4F129F37314003AFC13 /* 주식가격.cpp */ = {isa = PBXFileReference; lastKnownFileType = sourcecode.cpp.cpp; path = "주식가격.cpp"; sourceTree = "<group>"; };
		5EB2B4F329F37469003AFC13 /* 2161.cpp */ = {isa = PBXFileReference; lastKnownFileType = sourcecode.cpp.cpp; path = 2161.cpp; sourceTree = "<group>"; };
		5EB2B4F529F4C9D9003AFC13 /* 18258.cpp */ = {isa = PBXFileReference; lastKnownFileType = sourcecode.cpp.cpp; path = 18258.cpp; sourceTree = "<group>"; };
		5EB2B4F729F4CBA8003AFC13 /* 1158.cpp */ = {isa = PBXFileReference; lastKnownFileType = sourcecode.cpp.cpp; path = 1158.cpp; sourceTree = "<group>"; };
		5EB2B4F929F50EE4003AFC13 /* 1966.cpp */ = {isa = PBXFileReference; lastKnownFileType = sourcecode.cpp.cpp; path = 1966.cpp; sourceTree = "<group>"; };
		5EBDE34F2C073C35000E5066 /* 1475.cpp */ = {isa = PBXFileReference; lastKnownFileType = sourcecode.cpp.cpp; path = 1475.cpp; sourceTree = "<group>"; };
		5EBDE3512C073F48000E5066 /* 3273.cpp */ = {isa = PBXFileReference; lastKnownFileType = sourcecode.cpp.cpp; path = 3273.cpp; sourceTree = "<group>"; };
		5EBDE3532C075EE1000E5066 /* 5397.cpp */ = {isa = PBXFileReference; lastKnownFileType = sourcecode.cpp.cpp; path = 5397.cpp; sourceTree = "<group>"; };
		5EBDE87D2BA6F26500120975 /* rough_keyboard.cpp */ = {isa = PBXFileReference; lastKnownFileType = sourcecode.cpp.cpp; path = rough_keyboard.cpp; sourceTree = "<group>"; };
		5EC511C92A14C6970092A0DB /* 9934.cpp */ = {isa = PBXFileReference; lastKnownFileType = sourcecode.cpp.cpp; path = 9934.cpp; sourceTree = "<group>"; };
		5EC511CB2A14CB760092A0DB /* 14675.cpp */ = {isa = PBXFileReference; lastKnownFileType = sourcecode.cpp.cpp; path = 14675.cpp; sourceTree = "<group>"; };
		5EC5B9EA2BF5056C00B9AAFA /* 6198.cpp */ = {isa = PBXFileReference; lastKnownFileType = sourcecode.cpp.cpp; path = 6198.cpp; sourceTree = "<group>"; };
		5EC5B9EE2BF5AB0C00B9AAFA /* 1406(2).cpp */ = {isa = PBXFileReference; lastKnownFileType = sourcecode.cpp.cpp; path = "1406(2).cpp"; sourceTree = "<group>"; };
		5EC817712BFB29D40023AA1E /* 최솟값 만들기.cpp */ = {isa = PBXFileReference; lastKnownFileType = sourcecode.cpp.cpp; path = "최솟값 만들기.cpp"; sourceTree = "<group>"; };
		5EC88F2029D85CB2000A0685 /* 4949.cpp */ = {isa = PBXFileReference; lastKnownFileType = sourcecode.cpp.cpp; path = 4949.cpp; sourceTree = "<group>"; };
		5ECCB4732C159393004C79C4 /* 이진 변환 반복하기.cpp */ = {isa = PBXFileReference; lastKnownFileType = sourcecode.cpp.cpp; path = "이진 변환 반복하기.cpp"; sourceTree = "<group>"; };
		5ECD41C32AFE39CD00B85877 /* K번째 수.cpp */ = {isa = PBXFileReference; lastKnownFileType = sourcecode.cpp.cpp; path = "K번째 수.cpp"; sourceTree = "<group>"; };
		5ECD41C52AFE3D5C00B85877 /* 문자열 내 마음대로 정렬하기.cpp */ = {isa = PBXFileReference; lastKnownFileType = sourcecode.cpp.cpp; path = "문자열 내 마음대로 정렬하기.cpp"; sourceTree = "<group>"; };
		5ECD41C72AFE4AA500B85877 /* [1차] 비밀지도.cpp */ = {isa = PBXFileReference; lastKnownFileType = sourcecode.cpp.cpp; path = "[1차] 비밀지도.cpp"; sourceTree = "<group>"; };
		5ECD41C92B01B9E400B85877 /* 푸드 파이트 대회.cpp */ = {isa = PBXFileReference; lastKnownFileType = sourcecode.cpp.cpp; path = "푸드 파이트 대회.cpp"; sourceTree = "<group>"; };
		5ECD41CB2B01C6B200B85877 /* 두 개 뽑아서 더하기.cpp */ = {isa = PBXFileReference; lastKnownFileType = sourcecode.cpp.cpp; path = "두 개 뽑아서 더하기.cpp"; sourceTree = "<group>"; };
		5ECD41CD2B024D8F00B85877 /* 콜라 문제.cpp */ = {isa = PBXFileReference; lastKnownFileType = sourcecode.cpp.cpp; path = "콜라 문제.cpp"; sourceTree = "<group>"; };
		5ECD41D12B03009A00B85877 /* 명예의 전당 (1).cpp */ = {isa = PBXFileReference; lastKnownFileType = sourcecode.cpp.cpp; path = "명예의 전당 (1).cpp"; sourceTree = "<group>"; };
		5ED0E9C42B1F5CAC00385E45 /* 1007.cpp */ = {isa = PBXFileReference; lastKnownFileType = sourcecode.cpp.cpp; path = 1007.cpp; sourceTree = "<group>"; };
		5ED0E9C62B20293500385E45 /* 달리기 경주(1).cpp */ = {isa = PBXFileReference; lastKnownFileType = sourcecode.cpp.cpp; path = "달리기 경주(1).cpp"; sourceTree = "<group>"; };
		5ED0E9CA2B2031DD00385E45 /* 달리기 경주(2).cpp */ = {isa = PBXFileReference; lastKnownFileType = sourcecode.cpp.cpp; path = "달리기 경주(2).cpp"; sourceTree = "<group>"; };
		5ED6848F2C6E289D00A086D7 /* 7562.cpp */ = {isa = PBXFileReference; lastKnownFileType = sourcecode.cpp.cpp; path = 7562.cpp; sourceTree = "<group>"; };
		5ED684972C6F409500A086D7 /* 5427.cpp */ = {isa = PBXFileReference; lastKnownFileType = sourcecode.cpp.cpp; path = 5427.cpp; sourceTree = "<group>"; };
		5ED684992C7096A500A086D7 /* 2583.cpp */ = {isa = PBXFileReference; lastKnownFileType = sourcecode.cpp.cpp; path = 2583.cpp; sourceTree = "<group>"; };
		5ED6849B2C709E7600A086D7 /* 2667.cpp */ = {isa = PBXFileReference; lastKnownFileType = sourcecode.cpp.cpp; path = 2667.cpp; sourceTree = "<group>"; };
		5ED684A02C71C6C800A086D7 /* 1629.cpp */ = {isa = PBXFileReference; lastKnownFileType = sourcecode.cpp.cpp; path = 1629.cpp; sourceTree = "<group>"; };
		5ED684A22C72DE4300A086D7 /* 11729.cpp */ = {isa = PBXFileReference; lastKnownFileType = sourcecode.cpp.cpp; path = 11729.cpp; sourceTree = "<group>"; };
		5ED684A42C731FB300A086D7 /* 1074.cpp */ = {isa = PBXFileReference; lastKnownFileType = sourcecode.cpp.cpp; path = 1074.cpp; sourceTree = "<group>"; };
		5ED684A62C7324FE00A086D7 /* 1780.cpp */ = {isa = PBXFileReference; lastKnownFileType = sourcecode.cpp.cpp; path = 1780.cpp; sourceTree = "<group>"; };
		5ED684A82C75863800A086D7 /* 2630.cpp */ = {isa = PBXFileReference; lastKnownFileType = sourcecode.cpp.cpp; path = 2630.cpp; sourceTree = "<group>"; };
		5ED684AA2C76C11E00A086D7 /* 1992.cpp */ = {isa = PBXFileReference; lastKnownFileType = sourcecode.cpp.cpp; path = 1992.cpp; sourceTree = "<group>"; };
		5ED684AD2C76D3CA00A086D7 /* 15649.cpp */ = {isa = PBXFileReference; lastKnownFileType = sourcecode.cpp.cpp; path = 15649.cpp; sourceTree = "<group>"; };
		5ED684AF2C76E00800A086D7 /* 15650.cpp */ = {isa = PBXFileReference; lastKnownFileType = sourcecode.cpp.cpp; path = 15650.cpp; sourceTree = "<group>"; };
		5ED684B12C76ED1300A086D7 /* 15650(2).cpp */ = {isa = PBXFileReference; lastKnownFileType = sourcecode.cpp.cpp; path = "15650(2).cpp"; sourceTree = "<group>"; };
		5ED684B32C76F34400A086D7 /* 15651.cpp */ = {isa = PBXFileReference; lastKnownFileType = sourcecode.cpp.cpp; path = 15651.cpp; sourceTree = "<group>"; };
		5ED684B62C76F50800A086D7 /* 15652.cpp */ = {isa = PBXFileReference; lastKnownFileType = sourcecode.cpp.cpp; path = 15652.cpp; sourceTree = "<group>"; };
		5ED684B82C76F5EE00A086D7 /* 15654.cpp */ = {isa = PBXFileReference; lastKnownFileType = sourcecode.cpp.cpp; path = 15654.cpp; sourceTree = "<group>"; };
		5ED684BA2C777AA800A086D7 /* 15655.cpp */ = {isa = PBXFileReference; lastKnownFileType = sourcecode.cpp.cpp; path = 15655.cpp; sourceTree = "<group>"; };
		5ED684BC2C781E0B00A086D7 /* 15656.cpp */ = {isa = PBXFileReference; lastKnownFileType = sourcecode.cpp.cpp; path = 15656.cpp; sourceTree = "<group>"; };
		5ED684BE2C783C1F00A086D7 /* 15657.cpp */ = {isa = PBXFileReference; lastKnownFileType = sourcecode.cpp.cpp; path = 15657.cpp; sourceTree = "<group>"; };
		5ED684C02C785D0800A086D7 /* 15663.cpp */ = {isa = PBXFileReference; lastKnownFileType = sourcecode.cpp.cpp; path = 15663.cpp; sourceTree = "<group>"; };
		5ED810912A2828CF00D1D4C5 /* 4396.cpp */ = {isa = PBXFileReference; lastKnownFileType = sourcecode.cpp.cpp; path = 4396.cpp; sourceTree = "<group>"; };
		5EDD54D92B5D428500FEBA90 /* [1차]다트 게임.cpp */ = {isa = PBXFileReference; lastKnownFileType = sourcecode.cpp.cpp; path = "[1차]다트 게임.cpp"; sourceTree = "<group>"; };
		5EE205452A124C82004EFF62 /* 11725.cpp */ = {isa = PBXFileReference; lastKnownFileType = sourcecode.cpp.cpp; path = 11725.cpp; sourceTree = "<group>"; };
		5EE5058B2B35570B00846C3B /* 실패율.cpp */ = {isa = PBXFileReference; lastKnownFileType = sourcecode.cpp.cpp; path = "실패율.cpp"; sourceTree = "<group>"; };
		5EE5058D2B35585D00846C3B /* 덧칠하기.cpp */ = {isa = PBXFileReference; lastKnownFileType = sourcecode.cpp.cpp; path = "덧칠하기.cpp"; sourceTree = "<group>"; };
		E832FD712C0F030C0042BF3E /* 최댓값과 최솟값.cpp */ = {isa = PBXFileReference; lastKnownFileType = sourcecode.cpp.cpp; path = "최댓값과 최솟값.cpp"; sourceTree = "<group>"; };
		E832FD732C0F035E0042BF3E /* 올바른 괄호.cpp */ = {isa = PBXFileReference; lastKnownFileType = sourcecode.cpp.cpp; path = "올바른 괄호.cpp"; sourceTree = "<group>"; };
		E832FD752C0F03900042BF3E /* JadenCase 문자열 만들기.cpp */ = {isa = PBXFileReference; lastKnownFileType = sourcecode.cpp.cpp; path = "JadenCase 문자열 만들기.cpp"; sourceTree = "<group>"; };
		E85420472B22C76D00376010 /* 폰켓몬.cpp */ = {isa = PBXFileReference; lastKnownFileType = sourcecode.cpp.cpp; path = "폰켓몬.cpp"; sourceTree = "<group>"; };
		E854204C2B24024100376010 /* 과일 장수.cpp */ = {isa = PBXFileReference; lastKnownFileType = sourcecode.cpp.cpp; path = "과일 장수.cpp"; sourceTree = "<group>"; };
		E854204E2B24244F00376010 /* 모의고사.cpp */ = {isa = PBXFileReference; lastKnownFileType = sourcecode.cpp.cpp; path = "모의고사.cpp"; sourceTree = "<group>"; };
		E8AA1EAD2B35290B00FB7EF1 /* 옹알이 (2).cpp */ = {isa = PBXFileReference; lastKnownFileType = sourcecode.cpp.cpp; path = "옹알이 (2).cpp"; sourceTree = "<group>"; };
		E8BA4AB82C4214BA00AAAA5A /* 점프와 순간 이동.cpp */ = {isa = PBXFileReference; lastKnownFileType = sourcecode.cpp.cpp; path = "점프와 순간 이동.cpp"; sourceTree = "<group>"; };
/* End PBXFileReference section */

/* Begin PBXFrameworksBuildPhase section */
		5E48E15729C3539600C7BA85 /* Frameworks */ = {
			isa = PBXFrameworksBuildPhase;
			buildActionMask = 2147483647;
			files = (
			);
			runOnlyForDeploymentPostprocessing = 0;
		};
/* End PBXFrameworksBuildPhase section */

/* Begin PBXGroup section */
		5E48E15129C3539600C7BA85 = {
			isa = PBXGroup;
			children = (
				5E48E15C29C3539600C7BA85 /* algorithm_study */,
				5E48E15B29C3539600C7BA85 /* Products */,
			);
			sourceTree = "<group>";
		};
		5E48E15B29C3539600C7BA85 /* Products */ = {
			isa = PBXGroup;
			children = (
				5E48E15A29C3539600C7BA85 /* algorithm_study */,
			);
			name = Products;
			sourceTree = "<group>";
		};
		5E48E15C29C3539600C7BA85 /* algorithm_study */ = {
			isa = PBXGroup;
			children = (
				5E5137B82AEA9A6C00A9AAEF /* C++ DATASTRUCTURES */,
				5EB2B4E529F37253003AFC13 /* programmers */,
				5EB2B4E429F37200003AFC13 /* baekjoon */,
			);
			path = algorithm_study;
			sourceTree = "<group>";
		};
		5E5137B82AEA9A6C00A9AAEF /* C++ DATASTRUCTURES */ = {
			isa = PBXGroup;
			children = (
				5E1E08C52C2FE32F009AAD1E /* BFS.cpp */,
			);
			path = "C++ DATASTRUCTURES";
			sourceTree = "<group>";
		};
		5EA0214A2AFC6DF1004865F2 /* Level_1 */ = {
			isa = PBXGroup;
			children = (
				5E3D43DE2AFC6EE9009F8602 /* 숫자 문자열과 영단어.cpp */,
				5EA803942BF0D10D003D80F8 /* 둘만의_암호.cpp */,
				5EA803982BF0D984003D80F8 /* 햄버거_만들기.cpp */,
				5E2695DD2B89F767001A37E5 /* vector_prac.cpp */,
				5E3D43E02AFD4837009F8602 /* 가장 가까운 같은 글자.cpp */,
				5ECD41C32AFE39CD00B85877 /* K번째 수.cpp */,
				5ECD41C52AFE3D5C00B85877 /* 문자열 내 마음대로 정렬하기.cpp */,
				5ECD41C92B01B9E400B85877 /* 푸드 파이트 대회.cpp */,
				5ECD41C72AFE4AA500B85877 /* [1차] 비밀지도.cpp */,
				5ECD41CB2B01C6B200B85877 /* 두 개 뽑아서 더하기.cpp */,
				5ECD41CD2B024D8F00B85877 /* 콜라 문제.cpp */,
				E85420472B22C76D00376010 /* 폰켓몬.cpp */,
				5E096E212BEC78D200E531AE /* 완주하지_못한_선수.cpp */,
				E854204C2B24024100376010 /* 과일 장수.cpp */,
				E854204E2B24244F00376010 /* 모의고사.cpp */,
				5ECD41D12B03009A00B85877 /* 명예의 전당 (1).cpp */,
				5E2AF6F52B18C14D003C3126 /* 카드 뭉치.cpp */,
				5E5716BC2B2201C900A63DBD /* 2016년.cpp */,
				5ED0E9C62B20293500385E45 /* 달리기 경주(1).cpp */,
				5ED0E9CA2B2031DD00385E45 /* 달리기 경주(2).cpp */,
				5EB28D2A2B2605E900DF1789 /* 소수 만들기.cpp */,
				5EB28D2D2B2695B200DF1789 /* 소수 찾기.cpp */,
				5EB28D2F2B269DD400DF1789 /* 기사단원의 무기.cpp */,
				E8AA1EAD2B35290B00FB7EF1 /* 옹알이 (2).cpp */,
				5EA2ED932BEC907E0085CF64 /* 숫자_짝궁.cpp */,
				5EE5058B2B35570B00846C3B /* 실패율.cpp */,
				5EE5058D2B35585D00846C3B /* 덧칠하기.cpp */,
				5EDD54D92B5D428500FEBA90 /* [1차]다트 게임.cpp */,
				5E0CCACF2BA6B5F3004129ED /* String_division.cpp */,
				5E6C528B2BA6BDAF00832D3B /* Gym_Clothes.cpp */,
				5EBDE87D2BA6F26500120975 /* rough_keyboard.cpp */,
			);
			path = Level_1;
			sourceTree = "<group>";
		};
		5EB2B48D29F36B12003AFC13 /* 수학 */ = {
			isa = PBXGroup;
			children = (
				5EB2B4C429F370E0003AFC13 /* 11653.cpp */,
				5EB2B4C029F370B7003AFC13 /* 10757.cpp */,
				5E2AF6F72B1B737B003C3126 /* 1094.cpp */,
				5EB2B4BC29F37090003AFC13 /* 9020.cpp */,
				5E48E15D29C3539600C7BA85 /* 10952.cpp */,
				5EB2B4B529F3702B003AFC13 /* 4948.cpp */,
				5EB2B4AE29F36FE6003AFC13 /* 2738.cpp */,
				5EB2B4A829F36F87003AFC13 /* 1929.cpp */,
				5ED0E9C42B1F5CAC00385E45 /* 1007.cpp */,
				5EB2B4AC29F36FC1003AFC13 /* 2581.cpp */,
				5EB2B4AA29F36FAC003AFC13 /* 1978.cpp */,
				5E97C3B629D15EA8001A3165 /* 10870.cpp */,
				5ED684A02C71C6C800A086D7 /* 1629.cpp */,
				5ED684A22C72DE4300A086D7 /* 11729.cpp */,
				5ED684A42C731FB300A086D7 /* 1074.cpp */,
				5ED684A62C7324FE00A086D7 /* 1780.cpp */,
				5ED684A82C75863800A086D7 /* 2630.cpp */,
				5ED684AA2C76C11E00A086D7 /* 1992.cpp */,
			);
			name = "수학";
			path = "수학";
			sourceTree = "<group>";
		};
		5EB2B48E29F36B63003AFC13 /* 구현 */ = {
			isa = PBXGroup;
			children = (
				5E80570F29FA56A4006DF630 /* 17478.cpp */,
				5E48E16629C357B000C7BA85 /* 2446.cpp */,
				5E80571429FA7E96006DF630 /* 1780.cpp */,
				5E80571229FA74E3006DF630 /* 10949.cpp */,
				5ED810912A2828CF00D1D4C5 /* 4396.cpp */,
				5E2AF6F92B1CCCA6003C3126 /* 2439.cpp */,
				5E29F95E2A25FAA300736492 /* 20053.cpp */,
				5E29F9602A25FC9E00736492 /* 1212.cpp */,
				5E29F9682A26CE4700736492 /* 20546.cpp */,
				5E29F95C2A25F93400736492 /* 5597.cpp */,
				5EB2B4CE29F3717D003AFC13 /* 14719.cpp */,
				5E29F95A2A25F78B00736492 /* 2753.cpp */,
				5EBDE34F2C073C35000E5066 /* 1475.cpp */,
				5EBDE3512C073F48000E5066 /* 3273.cpp */,
			);
			name = "구현";
			path = "구현";
			sourceTree = "<group>";
		};
		5EB2B48F29F36B91003AFC13 /* 자료구조 */ = {
			isa = PBXGroup;
			children = (
				5E7C274129C5A2C3002E1F29 /* 1874.cpp */,
				5E0A80642BF32EB9001B9FD7 /* 2493.cpp */,
				5EC5B9EA2BF5056C00B9AAFA /* 6198.cpp */,
				5E27311A29DAA270009DC2AA /* 17298.cpp */,
				5E0A80622BF32C6D001B9FD7 /* 10773.cpp */,
				5E23E6E62A246ECB00F44576 /* 9012.cpp */,
				5E48E16B29C35DBC00C7BA85 /* 10828.cpp */,
				5E4F5E012A8CA32900DCB842 /* 2504.cpp */,
				5E6B1F2F29D9689C0072F8F7 /* 1406.cpp */,
				5EC5B9EE2BF5AB0C00B9AAFA /* 1406(2).cpp */,
				5E6B1F3129D9A7C80072F8F7 /* 10799.cpp */,
				5E23E6EC2A248AAD00F44576 /* 2346.cpp */,
				5EB2B4F929F50EE4003AFC13 /* 1966.cpp */,
				5E7C273B29C56322002E1F29 /* 10845.cpp */,
				5E23E6EA2A247E2E00F44576 /* 1935.cpp */,
				5E23E6E82A247A2200F44576 /* 2164.cpp */,
				5E7C273F29C59BCB002E1F29 /* 10866.cpp */,
				5EB2B4F529F4C9D9003AFC13 /* 18258.cpp */,
				5EB2B4F329F37469003AFC13 /* 2161.cpp */,
				5EB2B4F729F4CBA8003AFC13 /* 1158.cpp */,
				5EBDE3532C075EE1000E5066 /* 5397.cpp */,
				5E1E08C32C2FDB18009AAD1E /* 1021.cpp */,
			);
			name = "자료구조";
			path = "자료구조";
			sourceTree = "<group>";
		};
		5EB2B49029F36BDE003AFC13 /* 문자열 */ = {
			isa = PBXGroup;
			children = (
				5E95AF3829D65A4000A97EF2 /* 17413.cpp */,
				5EC88F2029D85CB2000A0685 /* 4949.cpp */,
				5EB2B49429F36DF6003AFC13 /* 1032.cpp */,
				5E7C273D29C5661E002E1F29 /* 9093.cpp */,
			);
			name = "문자열";
			path = "문자열";
			sourceTree = "<group>";
		};
		5EB2B49129F36C7B003AFC13 /* 다이나믹 프로그래밍 */ = {
			isa = PBXGroup;
			children = (
				5EB2B4C229F370CC003AFC13 /* 11062.cpp */,
				5EB2B4BE29F370A6003AFC13 /* 9029.cpp */,
				5EB2B4BA29F3707C003AFC13 /* 8902.cpp */,
				5E97C3B829D1603F001A3165 /* 2748.cpp */,
				5EB2B49929F36E77003AFC13 /* 1149.cpp */,
				5EB2B4D229F371A7003AFC13 /* addingways.cpp */,
				5EB2B4D629F371A7003AFC13 /* bin.cpp */,
				5EB2B4D529F371A7003AFC13 /* card.cpp */,
				5E098FE82A8C6E7B00032B2F /* 11053.cpp */,
				5E4F5DFF2A8CA23A00DCB842 /* 12015.cpp */,
				5E098FEC2A8C737700032B2F /* 11053(2).cpp */,
				5EB2B4D129F371A7003AFC13 /* coin.cpp */,
				5EB2B4D329F371A7003AFC13 /* coinmove.cpp */,
				5EB2B4D829F371A7003AFC13 /* drive.cpp */,
				5EB2B4D429F371A7003AFC13 /* gridpath.cpp */,
				5EB2B4D029F371A7003AFC13 /* path.cpp */,
				5EB2B4D729F371A7003AFC13 /* secret_contact.cpp */,
				5EB2B4A629F36F74003AFC13 /* 1699.cpp */,
				5EB2B4A429F36F63003AFC13 /* 1463.cpp */,
				5EB2B4A229F36F28003AFC13 /* 1256.cpp */,
				5EB2B49229F36D61003AFC13 /* 1010.cpp */,
				5E496BD72C3D5C700075E0B0 /* 9095.cpp */,
				5E496BD92C3E18F20075E0B0 /* 2579.cpp */,
			);
			name = "다이나믹 프로그래밍";
			path = "다이나믹 프로그래밍";
			sourceTree = "<group>";
		};
		5EB2B49629F36E27003AFC13 /* 그리디 */ = {
			isa = PBXGroup;
			children = (
				5EB2B49729F36E35003AFC13 /* 1052.cpp */,
				5E936E412A387CC30089ADBD /* 11047.cpp */,
				5E07B9F22A388086003021FA /* 21313.cpp */,
				5EB2B4A029F36F08003AFC13 /* 1202.cpp */,
			);
			name = "그리디";
			path = "그리디";
			sourceTree = "<group>";
		};
		5EB2B49B29F36E99003AFC13 /* 그래프 이론_탐색 */ = {
			isa = PBXGroup;
			children = (
				5EB2B4C829F3712E003AFC13 /* 13460.cpp */,
				5EB2B49C29F36EA5003AFC13 /* 1167.cpp */,
				5EB2B4CA29F37154003AFC13 /* 14502.cpp */,
				5EB2B4E229F371BA003AFC13 /* mst.cpp */,
				5EB2B4CC29F3715F003AFC13 /* 14502(2).cpp */,
				5EB2B49E29F36EE2003AFC13 /* 1197.cpp */,
				5E1E08C92C2FF9CD009AAD1E /* 2178.cpp */,
				5E1E08C72C2FE82C009AAD1E /* 1926.cpp */,
				5E496BCA2C3B73910075E0B0 /* 7576.cpp */,
				5E496BCE2C3B9F860075E0B0 /* 4179.cpp */,
				5E496BD02C3BD4660075E0B0 /* 1697.cpp */,
				5E496BD32C3CDEFE0075E0B0 /* 1012.cpp */,
				5E496BD52C3CFB920075E0B0 /* 10026.cpp */,
				5E6B0B852C42A16A0068B8AD /* 7569.cpp */,
				5ED6848F2C6E289D00A086D7 /* 7562.cpp */,
				5ED684972C6F409500A086D7 /* 5427.cpp */,
				5ED684992C7096A500A086D7 /* 2583.cpp */,
				5ED6849B2C709E7600A086D7 /* 2667.cpp */,
			);
			name = "그래프 이론_탐색";
			path = "그래프 탐색";
			sourceTree = "<group>";
		};
		5EB2B4B029F36FFB003AFC13 /* 브루트포스 */ = {
			isa = PBXGroup;
			children = (
				5EB2B4C629F3710B003AFC13 /* 12100.cpp */,
				5EB2B4B129F37006003AFC13 /* 2798.cpp */,
				5EB2B4B329F37019003AFC13 /* 4375.cpp */,
			);
			name = "브루트포스";
			path = "브루트포스";
			sourceTree = "<group>";
		};
		5EB2B4B729F3704A003AFC13 /* 분할정복 */ = {
			isa = PBXGroup;
			children = (
				5EB2B4B829F37056003AFC13 /* 6397.cpp */,
			);
			name = "분할정복";
			path = "분할정복";
			sourceTree = "<group>";
		};
		5EB2B4E429F37200003AFC13 /* baekjoon */ = {
			isa = PBXGroup;
			children = (
				5ED684AC2C76CC1600A086D7 /* 백트래킹 */,
				5EE205442A124C42004EFF62 /* 트리 */,
				5EB2B48D29F36B12003AFC13 /* 수학 */,
				5EB2B48E29F36B63003AFC13 /* 구현 */,
				5EB2B49029F36BDE003AFC13 /* 문자열 */,
				5EB2B49129F36C7B003AFC13 /* 다이나믹 프로그래밍 */,
				5EB2B48F29F36B91003AFC13 /* 자료구조 */,
				5EB2B49629F36E27003AFC13 /* 그리디 */,
				5EB2B49B29F36E99003AFC13 /* 그래프 이론_탐색 */,
				5EB2B4B029F36FFB003AFC13 /* 브루트포스 */,
				5EB2B4B729F3704A003AFC13 /* 분할정복 */,
			);
			path = baekjoon;
			sourceTree = "<group>";
		};
		5EB2B4E529F37253003AFC13 /* programmers */ = {
			isa = PBXGroup;
			children = (
				5EC817702BFB29BE0023AA1E /* Level_2 */,
				5EA0214A2AFC6DF1004865F2 /* Level_1 */,
				5EB2B4E629F37265003AFC13 /* 스택_큐 */,
			);
			path = programmers;
			sourceTree = "<group>";
		};
		5EB2B4E629F37265003AFC13 /* 스택_큐 */ = {
			isa = PBXGroup;
			children = (
				5EB2B4E729F37282003AFC13 /* 같은 숫자는 싫어.cpp */,
				5EB2B4EB29F372D4003AFC13 /* 올바른 괄호.cpp */,
				5EB2B4ED29F372EB003AFC13 /* 프로세스.cpp */,
				5EB2B4EF29F372FD003AFC13 /* 다리를 지나는 트럭.cpp */,
				5EB2B4F129F37314003AFC13 /* 주식가격.cpp */,
				5EB2B4E929F372C0003AFC13 /* 기능개발.cpp */,
			);
			name = "스택_큐";
			path = "스택_큐";
			sourceTree = "<group>";
		};
		5EC817702BFB29BE0023AA1E /* Level_2 */ = {
			isa = PBXGroup;
			children = (
				5EC817712BFB29D40023AA1E /* 최솟값 만들기.cpp */,
				E832FD712C0F030C0042BF3E /* 최댓값과 최솟값.cpp */,
				E832FD732C0F035E0042BF3E /* 올바른 괄호.cpp */,
				E832FD752C0F03900042BF3E /* JadenCase 문자열 만들기.cpp */,
				5ECCB4732C159393004C79C4 /* 이진 변환 반복하기.cpp */,
				5EA20DB82C203A01009FA9CD /* 숫자의 표현.cpp */,
				5E1E08C12C2FDAA5009AAD1E /* 다음 큰 숫자.cpp */,
				5E2E26842C34497200F07BC8 /* 피보나치 수.cpp */,
				5E496BC62C3AC56C0075E0B0 /* 짝지어 제거하기.cpp */,
				5E496BC82C3AC5A60075E0B0 /* 카펫.cpp */,
				5E6B0B752C4183B50068B8AD /* 구명보트.cpp */,
				E8BA4AB82C4214BA00AAAA5A /* 점프와 순간 이동.cpp */,
				5E6B0B792C42471F0068B8AD /* 영어 끝말잇기.cpp */,
				5E6B0B7B2C42491B0068B8AD /* 멀리 뛰기.cpp */,
				5E6B0B7D2C4298CD0068B8AD /* 귤 고르기.cpp */,
				5E6B0B7F2C42992F0068B8AD /* N개의 최소공배수.cpp */,
				5E6B0B812C42995E0068B8AD /* 예상 대진표.cpp */,
				5E6B0B832C429E960068B8AD /* 연속 부분 수열 합의 개수.cpp */,
			);
			path = Level_2;
			sourceTree = "<group>";
		};
		5ED684AC2C76CC1600A086D7 /* 백트래킹 */ = {
			isa = PBXGroup;
			children = (
				5ED684AD2C76D3CA00A086D7 /* 15649.cpp */,
				5ED684AF2C76E00800A086D7 /* 15650.cpp */,
				5ED684B12C76ED1300A086D7 /* 15650(2).cpp */,
				5ED684B32C76F34400A086D7 /* 15651.cpp */,
				5ED684B62C76F50800A086D7 /* 15652.cpp */,
				5ED684B82C76F5EE00A086D7 /* 15654.cpp */,
				5ED684BA2C777AA800A086D7 /* 15655.cpp */,
				5ED684BC2C781E0B00A086D7 /* 15656.cpp */,
				5ED684BE2C783C1F00A086D7 /* 15657.cpp */,
				5ED684C02C785D0800A086D7 /* 15663.cpp */,
				5E8F06392C78DE7700449A99 /* 15664.cpp */,
				5E8F063B2C78DF8300449A99 /* 15665.cpp */,
				5E8F063D2C78E04800449A99 /* 15666.cpp */,
			);
			name = "백트래킹";
			path = "백트래킹";
			sourceTree = "<group>";
		};
		5EE205442A124C42004EFF62 /* 트리 */ = {
			isa = PBXGroup;
			children = (
				5EE205452A124C82004EFF62 /* 11725.cpp */,
				5E6385F62A1A02B800E3AEED /* 1068.cpp */,
				5E6385F82A1A295400E3AEED /* 5639.cpp */,
				5E23E6E22A24608400F44576 /* 5639(2).cpp */,
				5E23E6E42A2466C700F44576 /* 17073.cpp */,
				5E29F9622A26030B00736492 /* 9934(2).cpp */,
				5E29F9642A2608B700736492 /* 17073(2).cpp */,
				5E896A292A138CBC00915E8D /* 1991.cpp */,
				5EC511CB2A14CB760092A0DB /* 14675.cpp */,
				5E29F9662A260C2500736492 /* 20924.cpp */,
				5E6385F42A19FE0100E3AEED /* 14675(2).cpp */,
				5EC511C92A14C6970092A0DB /* 9934.cpp */,
			);
			name = "트리";
			path = "트리";
			sourceTree = "<group>";
		};
/* End PBXGroup section */

/* Begin PBXNativeTarget section */
		5E48E15929C3539600C7BA85 /* algorithm_study */ = {
			isa = PBXNativeTarget;
			buildConfigurationList = 5E48E16129C3539600C7BA85 /* Build configuration list for PBXNativeTarget "algorithm_study" */;
			buildPhases = (
				5E48E15629C3539600C7BA85 /* Sources */,
				5E48E15729C3539600C7BA85 /* Frameworks */,
				5E48E15829C3539600C7BA85 /* CopyFiles */,
			);
			buildRules = (
			);
			dependencies = (
			);
			name = algorithm_study;
			productName = algorithm_study;
			productReference = 5E48E15A29C3539600C7BA85 /* algorithm_study */;
			productType = "com.apple.product-type.tool";
		};
/* End PBXNativeTarget section */

/* Begin PBXProject section */
		5E48E15229C3539600C7BA85 /* Project object */ = {
			isa = PBXProject;
			attributes = {
				BuildIndependentTargetsInParallel = 1;
				LastUpgradeCheck = 1500;
				TargetAttributes = {
					5E48E15929C3539600C7BA85 = {
						CreatedOnToolsVersion = 14.2;
					};
				};
			};
			buildConfigurationList = 5E48E15529C3539600C7BA85 /* Build configuration list for PBXProject "algorithm_study" */;
			compatibilityVersion = "Xcode 14.0";
			developmentRegion = en;
			hasScannedForEncodings = 0;
			knownRegions = (
				en,
				Base,
			);
			mainGroup = 5E48E15129C3539600C7BA85;
			productRefGroup = 5E48E15B29C3539600C7BA85 /* Products */;
			projectDirPath = "";
			projectRoot = "";
			targets = (
				5E48E15929C3539600C7BA85 /* algorithm_study */,
			);
		};
/* End PBXProject section */

/* Begin PBXSourcesBuildPhase section */
		5E48E15629C3539600C7BA85 /* Sources */ = {
			isa = PBXSourcesBuildPhase;
			buildActionMask = 2147483647;
			files = (
				5E6B0B822C42995E0068B8AD /* 예상 대진표.cpp in Sources */,
			);
			runOnlyForDeploymentPostprocessing = 0;
		};
/* End PBXSourcesBuildPhase section */

/* Begin XCBuildConfiguration section */
		5E48E15F29C3539600C7BA85 /* Debug */ = {
			isa = XCBuildConfiguration;
			buildSettings = {
				ALWAYS_SEARCH_USER_PATHS = NO;
				ASSETCATALOG_COMPILER_GENERATE_SWIFT_ASSET_SYMBOL_EXTENSIONS = YES;
				CLANG_ANALYZER_NONNULL = YES;
				CLANG_ANALYZER_NUMBER_OBJECT_CONVERSION = YES_AGGRESSIVE;
				CLANG_CXX_LANGUAGE_STANDARD = "gnu++20";
				CLANG_ENABLE_MODULES = YES;
				CLANG_ENABLE_OBJC_ARC = YES;
				CLANG_ENABLE_OBJC_WEAK = YES;
				CLANG_WARN_BLOCK_CAPTURE_AUTORELEASING = YES;
				CLANG_WARN_BOOL_CONVERSION = YES;
				CLANG_WARN_COMMA = YES;
				CLANG_WARN_CONSTANT_CONVERSION = YES;
				CLANG_WARN_DEPRECATED_OBJC_IMPLEMENTATIONS = YES;
				CLANG_WARN_DIRECT_OBJC_ISA_USAGE = YES_ERROR;
				CLANG_WARN_DOCUMENTATION_COMMENTS = YES;
				CLANG_WARN_EMPTY_BODY = YES;
				CLANG_WARN_ENUM_CONVERSION = YES;
				CLANG_WARN_INFINITE_RECURSION = YES;
				CLANG_WARN_INT_CONVERSION = YES;
				CLANG_WARN_NON_LITERAL_NULL_CONVERSION = YES;
				CLANG_WARN_OBJC_IMPLICIT_RETAIN_SELF = YES;
				CLANG_WARN_OBJC_LITERAL_CONVERSION = YES;
				CLANG_WARN_OBJC_ROOT_CLASS = YES_ERROR;
				CLANG_WARN_QUOTED_INCLUDE_IN_FRAMEWORK_HEADER = YES;
				CLANG_WARN_RANGE_LOOP_ANALYSIS = YES;
				CLANG_WARN_STRICT_PROTOTYPES = YES;
				CLANG_WARN_SUSPICIOUS_MOVE = YES;
				CLANG_WARN_UNGUARDED_AVAILABILITY = YES_AGGRESSIVE;
				CLANG_WARN_UNREACHABLE_CODE = YES;
				CLANG_WARN__DUPLICATE_METHOD_MATCH = YES;
				COPY_PHASE_STRIP = NO;
				DEAD_CODE_STRIPPING = YES;
				DEBUG_INFORMATION_FORMAT = dwarf;
				ENABLE_STRICT_OBJC_MSGSEND = YES;
				ENABLE_TESTABILITY = YES;
				ENABLE_USER_SCRIPT_SANDBOXING = YES;
				GCC_C_LANGUAGE_STANDARD = gnu11;
				GCC_DYNAMIC_NO_PIC = NO;
				GCC_NO_COMMON_BLOCKS = YES;
				GCC_OPTIMIZATION_LEVEL = 0;
				GCC_PREPROCESSOR_DEFINITIONS = (
					"DEBUG=1",
					"$(inherited)",
				);
				GCC_WARN_64_TO_32_BIT_CONVERSION = YES;
				GCC_WARN_ABOUT_RETURN_TYPE = YES_ERROR;
				GCC_WARN_UNDECLARED_SELECTOR = YES;
				GCC_WARN_UNINITIALIZED_AUTOS = YES_AGGRESSIVE;
				GCC_WARN_UNUSED_FUNCTION = YES;
				GCC_WARN_UNUSED_VARIABLE = YES;
				MACOSX_DEPLOYMENT_TARGET = 13.1;
				MTL_ENABLE_DEBUG_INFO = INCLUDE_SOURCE;
				MTL_FAST_MATH = YES;
				ONLY_ACTIVE_ARCH = YES;
				SDKROOT = macosx;
			};
			name = Debug;
		};
		5E48E16029C3539600C7BA85 /* Release */ = {
			isa = XCBuildConfiguration;
			buildSettings = {
				ALWAYS_SEARCH_USER_PATHS = NO;
				ASSETCATALOG_COMPILER_GENERATE_SWIFT_ASSET_SYMBOL_EXTENSIONS = YES;
				CLANG_ANALYZER_NONNULL = YES;
				CLANG_ANALYZER_NUMBER_OBJECT_CONVERSION = YES_AGGRESSIVE;
				CLANG_CXX_LANGUAGE_STANDARD = "gnu++20";
				CLANG_ENABLE_MODULES = YES;
				CLANG_ENABLE_OBJC_ARC = YES;
				CLANG_ENABLE_OBJC_WEAK = YES;
				CLANG_WARN_BLOCK_CAPTURE_AUTORELEASING = YES;
				CLANG_WARN_BOOL_CONVERSION = YES;
				CLANG_WARN_COMMA = YES;
				CLANG_WARN_CONSTANT_CONVERSION = YES;
				CLANG_WARN_DEPRECATED_OBJC_IMPLEMENTATIONS = YES;
				CLANG_WARN_DIRECT_OBJC_ISA_USAGE = YES_ERROR;
				CLANG_WARN_DOCUMENTATION_COMMENTS = YES;
				CLANG_WARN_EMPTY_BODY = YES;
				CLANG_WARN_ENUM_CONVERSION = YES;
				CLANG_WARN_INFINITE_RECURSION = YES;
				CLANG_WARN_INT_CONVERSION = YES;
				CLANG_WARN_NON_LITERAL_NULL_CONVERSION = YES;
				CLANG_WARN_OBJC_IMPLICIT_RETAIN_SELF = YES;
				CLANG_WARN_OBJC_LITERAL_CONVERSION = YES;
				CLANG_WARN_OBJC_ROOT_CLASS = YES_ERROR;
				CLANG_WARN_QUOTED_INCLUDE_IN_FRAMEWORK_HEADER = YES;
				CLANG_WARN_RANGE_LOOP_ANALYSIS = YES;
				CLANG_WARN_STRICT_PROTOTYPES = YES;
				CLANG_WARN_SUSPICIOUS_MOVE = YES;
				CLANG_WARN_UNGUARDED_AVAILABILITY = YES_AGGRESSIVE;
				CLANG_WARN_UNREACHABLE_CODE = YES;
				CLANG_WARN__DUPLICATE_METHOD_MATCH = YES;
				COPY_PHASE_STRIP = NO;
				DEAD_CODE_STRIPPING = YES;
				DEBUG_INFORMATION_FORMAT = "dwarf-with-dsym";
				ENABLE_NS_ASSERTIONS = NO;
				ENABLE_STRICT_OBJC_MSGSEND = YES;
				ENABLE_USER_SCRIPT_SANDBOXING = YES;
				GCC_C_LANGUAGE_STANDARD = gnu11;
				GCC_NO_COMMON_BLOCKS = YES;
				GCC_WARN_64_TO_32_BIT_CONVERSION = YES;
				GCC_WARN_ABOUT_RETURN_TYPE = YES_ERROR;
				GCC_WARN_UNDECLARED_SELECTOR = YES;
				GCC_WARN_UNINITIALIZED_AUTOS = YES_AGGRESSIVE;
				GCC_WARN_UNUSED_FUNCTION = YES;
				GCC_WARN_UNUSED_VARIABLE = YES;
				MACOSX_DEPLOYMENT_TARGET = 13.1;
				MTL_ENABLE_DEBUG_INFO = NO;
				MTL_FAST_MATH = YES;
				SDKROOT = macosx;
			};
			name = Release;
		};
		5E48E16229C3539600C7BA85 /* Debug */ = {
			isa = XCBuildConfiguration;
			buildSettings = {
				CODE_SIGN_STYLE = Automatic;
				DEAD_CODE_STRIPPING = YES;
				"HEADER_SEARCH_PATHS[arch=*]" = (
					/opt/homebrew/Cellar/boost/1.85.0/include,
					"/opt/homebrew/Cellar/openssl@3/3.3.1/include",
				);
				"LIBRARY_SEARCH_PATHS[arch=*]" = (
					/opt/homebrew/Cellar/boost/1.85.0/include,
					"/opt/homebrew/Cellar/openssl@3/3.3.1/include",
				);
				PRODUCT_NAME = "$(TARGET_NAME)";
			};
			name = Debug;
		};
		5E48E16329C3539600C7BA85 /* Release */ = {
			isa = XCBuildConfiguration;
			buildSettings = {
				CODE_SIGN_STYLE = Automatic;
				DEAD_CODE_STRIPPING = YES;
				"HEADER_SEARCH_PATHS[arch=*]" = (
					/opt/homebrew/Cellar/boost/1.85.0/include,
					"/opt/homebrew/Cellar/openssl@3/3.3.1/include",
				);
				"LIBRARY_SEARCH_PATHS[arch=*]" = (
					/opt/homebrew/Cellar/boost/1.85.0/include,
					"/opt/homebrew/Cellar/openssl@3/3.3.1/include",
				);
				PRODUCT_NAME = "$(TARGET_NAME)";
			};
			name = Release;
		};
/* End XCBuildConfiguration section */

/* Begin XCConfigurationList section */
		5E48E15529C3539600C7BA85 /* Build configuration list for PBXProject "algorithm_study" */ = {
			isa = XCConfigurationList;
			buildConfigurations = (
				5E48E15F29C3539600C7BA85 /* Debug */,
				5E48E16029C3539600C7BA85 /* Release */,
			);
			defaultConfigurationIsVisible = 0;
			defaultConfigurationName = Release;
		};
		5E48E16129C3539600C7BA85 /* Build configuration list for PBXNativeTarget "algorithm_study" */ = {
			isa = XCConfigurationList;
			buildConfigurations = (
				5E48E16229C3539600C7BA85 /* Debug */,
				5E48E16329C3539600C7BA85 /* Release */,
			);
			defaultConfigurationIsVisible = 0;
			defaultConfigurationName = Release;
		};
/* End XCConfigurationList section */
	};
	rootObject = 5E48E15229C3539600C7BA85 /* Project object */;
}
